
Microsoft Visual Studio Solution File, Format Version 12.00
# Visual Studio Version 16
VisualStudioVersion = 16.0.31112.23
MinimumVisualStudioVersion = 10.0.40219.1
Project("{8BC9CEB8-8B4A-11D0-8D11-00A0C91BC942}") = "buildTree", "buildTree.vcxproj", "{639A9543-A36C-40AC-80F8-3DB90E8F9DDC}"
EndProject
Global
	GlobalSection(SolutionConfigurationPlatforms) = preSolution
		Debug|x64 = Debug|x64
		Debug|x86 = Debug|x86
		Release|x64 = Release|x64
		Release|x86 = Release|x86
	EndGlobalSection
	GlobalSection(ProjectConfigurationPlatforms) = postSolution
		{639A9543-A36C-40AC-80F8-3DB90E8F9DDC}.Debug|x64.ActiveCfg = Debug|x64
		{639A9543-A36C-40AC-80F8-3DB90E8F9DDC}.Debug|x64.Build.0 = Debug|x64
		{639A9543-A36C-40AC-80F8-3DB90E8F9DDC}.Debug|x86.ActiveCfg = Debug|Win32
		{639A9543-A36C-40AC-80F8-3DB90E8F9DDC}.Debug|x86.Build.0 = Debug|Win32
		{639A9543-A36C-40AC-80F8-3DB90E8F9DDC}.Release|x64.ActiveCfg = Release|x64
		{639A9543-A36C-40AC-80F8-3DB90E8F9DDC}.Release|x64.Build.0 = Release|x64
		{639A9543-A36C-40AC-80F8-3DB90E8F9DDC}.Release|x86.ActiveCfg = Release|Win32
		{639A9543-A36C-40AC-80F8-3DB90E8F9DDC}.Release|x86.Build.0 = Release|Win32
	EndGlobalSection
	GlobalSection(SolutionProperties) = preSolution
		HideSolutionNode = FALSE
	EndGlobalSection
	GlobalSection(ExtensibilityGlobals) = postSolution
		SolutionGuid = {290D194C-0E0C-4C8F-B3F2-997EE9DD6197}
	EndGlobalSection
EndGlobal
