
Microsoft Visual Studio Solution File, Format Version 12.00
# Visual Studio Version 16
VisualStudioVersion = 16.0.31112.23
MinimumVisualStudioVersion = 10.0.40219.1
Project("{8BC9CEB8-8B4A-11D0-8D11-00A0C91BC942}") = "ReverseList", "ReverseList.vcxproj", "{8D1B20C2-B713-4ECE-835B-C9868FCDA39C}"
EndProject
Global
	GlobalSection(SolutionConfigurationPlatforms) = preSolution
		Debug|x64 = Debug|x64
		Debug|x86 = Debug|x86
		Release|x64 = Release|x64
		Release|x86 = Release|x86
	EndGlobalSection
	GlobalSection(ProjectConfigurationPlatforms) = postSolution
		{8D1B20C2-B713-4ECE-835B-C9868FCDA39C}.Debug|x64.ActiveCfg = Debug|x64
		{8D1B20C2-B713-4ECE-835B-C9868FCDA39C}.Debug|x64.Build.0 = Debug|x64
		{8D1B20C2-B713-4ECE-835B-C9868FCDA39C}.Debug|x86.ActiveCfg = Debug|Win32
		{8D1B20C2-B713-4ECE-835B-C9868FCDA39C}.Debug|x86.Build.0 = Debug|Win32
		{8D1B20C2-B713-4ECE-835B-C9868FCDA39C}.Release|x64.ActiveCfg = Release|x64
		{8D1B20C2-B713-4ECE-835B-C9868FCDA39C}.Release|x64.Build.0 = Release|x64
		{8D1B20C2-B713-4ECE-835B-C9868FCDA39C}.Release|x86.ActiveCfg = Release|Win32
		{8D1B20C2-B713-4ECE-835B-C9868FCDA39C}.Release|x86.Build.0 = Release|Win32
	EndGlobalSection
	GlobalSection(SolutionProperties) = preSolution
		HideSolutionNode = FALSE
	EndGlobalSection
	GlobalSection(ExtensibilityGlobals) = postSolution
		SolutionGuid = {A59405D7-5BDE-4EE9-90AC-A2CA4D8B9AF9}
	EndGlobalSection
EndGlobal
